
Microsoft Visual Studio Solution File, Format Version 12.00
# Visual Studio 15
VisualStudioVersion = 15.0.28010.2050
MinimumVisualStudioVersion = 10.0.40219.1
Project("{FAE04EC0-301F-11D3-BF4B-00C04F79EFBC}") = "Sample.Jscript", "Sample.Jscript\Sample.Jscript.csproj", "{1BB0F73E-80F3-4054-88BE-AC1A83EE2147}"
EndProject
Global
	GlobalSection(SolutionConfigurationPlatforms) = preSolution
		Debug|Any CPU = Debug|Any CPU
		Release|Any CPU = Release|Any CPU
	EndGlobalSection
	GlobalSection(ProjectConfigurationPlatforms) = postSolution
		{1BB0F73E-80F3-4054-88BE-AC1A83EE2147}.Debug|Any CPU.ActiveCfg = Debug|Any CPU
		{1BB0F73E-80F3-4054-88BE-AC1A83EE2147}.Debug|Any CPU.Build.0 = Debug|Any CPU
		{1BB0F73E-80F3-4054-88BE-AC1A83EE2147}.Release|Any CPU.ActiveCfg = Release|Any CPU
		{1BB0F73E-80F3-4054-88BE-AC1A83EE2147}.Release|Any CPU.Build.0 = Release|Any CPU
	EndGlobalSection
	GlobalSection(SolutionProperties) = preSolution
		HideSolutionNode = FALSE
	EndGlobalSection
	GlobalSection(ExtensibilityGlobals) = postSolution
		SolutionGuid = {64C328D0-F8CD-4E40-BEC1-F1ED6C2D66A6}
	EndGlobalSection
EndGlobal
