Microsoft Visual Studio Solution File, Format Version 12.00
# Visual Studio 15
VisualStudioVersion = 15.0.26124.0
MinimumVisualStudioVersion = 15.0.26124.0
Project("{9A19103F-16F7-4668-BE54-9A1E7A4F7556}") = "Squidex.Identity", "Squidex.Identity\Squidex.Identity.csproj", "{1C03E607-C35D-43F4-9317-C59F16D2DB48}"
EndProject
Project("{9A19103F-16F7-4668-BE54-9A1E7A4F7556}") = "Squidex.ClientLibrary", "..\Squidex.ClientLibrary\Squidex.ClientLibrary\Squidex.ClientLibrary.csproj", "{81237EE5-7044-4D09-B75C-C2238873AE81}"
EndProject
Global
	GlobalSection(SolutionConfigurationPlatforms) = preSolution
		Debug|Any CPU = Debug|Any CPU
		Debug|x64 = Debug|x64
		Debug|x86 = Debug|x86
		Release|Any CPU = Release|Any CPU
		Release|x64 = Release|x64
		Release|x86 = Release|x86
	EndGlobalSection
	GlobalSection(ProjectConfigurationPlatforms) = postSolution
		{1C03E607-C35D-43F4-9317-C59F16D2DB48}.Debug|Any CPU.ActiveCfg = Debug|Any CPU
		{1C03E607-C35D-43F4-9317-C59F16D2DB48}.Debug|Any CPU.Build.0 = Debug|Any CPU
		{1C03E607-C35D-43F4-9317-C59F16D2DB48}.Debug|x64.ActiveCfg = Debug|Any CPU
		{1C03E607-C35D-43F4-9317-C59F16D2DB48}.Debug|x64.Build.0 = Debug|Any CPU
		{1C03E607-C35D-43F4-9317-C59F16D2DB48}.Debug|x86.ActiveCfg = Debug|Any CPU
		{1C03E607-C35D-43F4-9317-C59F16D2DB48}.Debug|x86.Build.0 = Debug|Any CPU
		{1C03E607-C35D-43F4-9317-C59F16D2DB48}.Release|Any CPU.ActiveCfg = Release|Any CPU
		{1C03E607-C35D-43F4-9317-C59F16D2DB48}.Release|Any CPU.Build.0 = Release|Any CPU
		{1C03E607-C35D-43F4-9317-C59F16D2DB48}.Release|x64.ActiveCfg = Release|Any CPU
		{1C03E607-C35D-43F4-9317-C59F16D2DB48}.Release|x64.Build.0 = Release|Any CPU
		{1C03E607-C35D-43F4-9317-C59F16D2DB48}.Release|x86.ActiveCfg = Release|Any CPU
		{1C03E607-C35D-43F4-9317-C59F16D2DB48}.Release|x86.Build.0 = Release|Any CPU
		{81237EE5-7044-4D09-B75C-C2238873AE81}.Debug|Any CPU.ActiveCfg = Debug|Any CPU
		{81237EE5-7044-4D09-B75C-C2238873AE81}.Debug|Any CPU.Build.0 = Debug|Any CPU
		{81237EE5-7044-4D09-B75C-C2238873AE81}.Debug|x64.ActiveCfg = Debug|Any CPU
		{81237EE5-7044-4D09-B75C-C2238873AE81}.Debug|x64.Build.0 = Debug|Any CPU
		{81237EE5-7044-4D09-B75C-C2238873AE81}.Debug|x86.ActiveCfg = Debug|Any CPU
		{81237EE5-7044-4D09-B75C-C2238873AE81}.Debug|x86.Build.0 = Debug|Any CPU
		{81237EE5-7044-4D09-B75C-C2238873AE81}.Release|Any CPU.ActiveCfg = Release|Any CPU
		{81237EE5-7044-4D09-B75C-C2238873AE81}.Release|Any CPU.Build.0 = Release|Any CPU
		{81237EE5-7044-4D09-B75C-C2238873AE81}.Release|x64.ActiveCfg = Release|Any CPU
		{81237EE5-7044-4D09-B75C-C2238873AE81}.Release|x64.Build.0 = Release|Any CPU
		{81237EE5-7044-4D09-B75C-C2238873AE81}.Release|x86.ActiveCfg = Release|Any CPU
		{81237EE5-7044-4D09-B75C-C2238873AE81}.Release|x86.Build.0 = Release|Any CPU
	EndGlobalSection
	GlobalSection(SolutionProperties) = preSolution
		HideSolutionNode = FALSE
	EndGlobalSection
	GlobalSection(ExtensibilityGlobals) = postSolution
		SolutionGuid = {D51D05E1-B211-407F-957A-40C9DF43AC2A}
	EndGlobalSection
EndGlobal
