
Microsoft Visual Studio Solution File, Format Version 12.00
# Visual Studio Version 16
VisualStudioVersion = 16.0.28803.202
MinimumVisualStudioVersion = 10.0.40219.1
Project("{9A19103F-16F7-4668-BE54-9A1E7A4F7556}") = "Squidex.CLI", "Squidex.CLI\Squidex.CLI.csproj", "{2D435C5F-73FB-47F6-BEDA-49E9F9D8E9F7}"
EndProject
Project("{9A19103F-16F7-4668-BE54-9A1E7A4F7556}") = "Squidex.CLI.Tests", "Squidex.CLI.Tests\Squidex.CLI.Tests.csproj", "{3DCBE36E-07EE-4EC2-81F9-8D471DD89896}"
EndProject
Project("{2150E333-8FDC-42A3-9474-1A3956D46DE8}") = "Solution Items", "Solution Items", "{E53F82E6-7123-42D7-825F-F84EF545323C}"
	ProjectSection(SolutionItems) = preProject
		.editorconfig = .editorconfig
	EndProjectSection
EndProject
Project("{9A19103F-16F7-4668-BE54-9A1E7A4F7556}") = "Squidex.ClientLibrary", "..\..\csharp\Squidex.ClientLibrary\Squidex.ClientLibrary\Squidex.ClientLibrary.csproj", "{F93CAA45-4B68-4482-970F-BC271855C0F1}"
EndProject
Project("{9A19103F-16F7-4668-BE54-9A1E7A4F7556}") = "CodeGeneration", "..\..\csharp\Squidex.ClientLibrary\CodeGeneration\CodeGeneration.csproj", "{362BCA53-EEC9-42ED-BEAF-682F8796F6AF}"
EndProject
Global
	GlobalSection(SolutionConfigurationPlatforms) = preSolution
		Debug|Any CPU = Debug|Any CPU
		Release|Any CPU = Release|Any CPU
	EndGlobalSection
	GlobalSection(ProjectConfigurationPlatforms) = postSolution
		{2D435C5F-73FB-47F6-BEDA-49E9F9D8E9F7}.Debug|Any CPU.ActiveCfg = Debug|Any CPU
		{2D435C5F-73FB-47F6-BEDA-49E9F9D8E9F7}.Debug|Any CPU.Build.0 = Debug|Any CPU
		{2D435C5F-73FB-47F6-BEDA-49E9F9D8E9F7}.Release|Any CPU.ActiveCfg = Release|Any CPU
		{2D435C5F-73FB-47F6-BEDA-49E9F9D8E9F7}.Release|Any CPU.Build.0 = Release|Any CPU
		{3DCBE36E-07EE-4EC2-81F9-8D471DD89896}.Debug|Any CPU.ActiveCfg = Debug|Any CPU
		{3DCBE36E-07EE-4EC2-81F9-8D471DD89896}.Debug|Any CPU.Build.0 = Debug|Any CPU
		{3DCBE36E-07EE-4EC2-81F9-8D471DD89896}.Release|Any CPU.ActiveCfg = Release|Any CPU
		{3DCBE36E-07EE-4EC2-81F9-8D471DD89896}.Release|Any CPU.Build.0 = Release|Any CPU
		{F93CAA45-4B68-4482-970F-BC271855C0F1}.Debug|Any CPU.ActiveCfg = Debug|Any CPU
		{F93CAA45-4B68-4482-970F-BC271855C0F1}.Debug|Any CPU.Build.0 = Debug|Any CPU
		{F93CAA45-4B68-4482-970F-BC271855C0F1}.Release|Any CPU.ActiveCfg = Release|Any CPU
		{F93CAA45-4B68-4482-970F-BC271855C0F1}.Release|Any CPU.Build.0 = Release|Any CPU
		{362BCA53-EEC9-42ED-BEAF-682F8796F6AF}.Debug|Any CPU.ActiveCfg = Debug|Any CPU
		{362BCA53-EEC9-42ED-BEAF-682F8796F6AF}.Debug|Any CPU.Build.0 = Debug|Any CPU
		{362BCA53-EEC9-42ED-BEAF-682F8796F6AF}.Release|Any CPU.ActiveCfg = Release|Any CPU
		{362BCA53-EEC9-42ED-BEAF-682F8796F6AF}.Release|Any CPU.Build.0 = Release|Any CPU
	EndGlobalSection
	GlobalSection(SolutionProperties) = preSolution
		HideSolutionNode = FALSE
	EndGlobalSection
	GlobalSection(ExtensibilityGlobals) = postSolution
		SolutionGuid = {2DE9E8BE-616B-47D3-B311-4AADC0D74F2E}
	EndGlobalSection
EndGlobal
