
Microsoft Visual Studio Solution File, Format Version 12.00
# Visual Studio 15
VisualStudioVersion = 15.0.27130.2026
MinimumVisualStudioVersion = 10.0.40219.1
Project("{9A19103F-16F7-4668-BE54-9A1E7A4F7556}") = "Squidex.ClientLibrary", "Squidex.ClientLibrary\Squidex.ClientLibrary.csproj", "{BA11EE52-1AD3-46D3-A78B-349886CBD0DB}"
EndProject
Global
	GlobalSection(SolutionConfigurationPlatforms) = preSolution
		Debug|Any CPU = Debug|Any CPU
		Debug|x64 = Debug|x64
		Debug|x86 = Debug|x86
		Release|Any CPU = Release|Any CPU
		Release|x64 = Release|x64
		Release|x86 = Release|x86
	EndGlobalSection
	GlobalSection(ProjectConfigurationPlatforms) = postSolution
		{BA11EE52-1AD3-46D3-A78B-349886CBD0DB}.Debug|Any CPU.ActiveCfg = Debug|Any CPU
		{BA11EE52-1AD3-46D3-A78B-349886CBD0DB}.Debug|Any CPU.Build.0 = Debug|Any CPU
		{BA11EE52-1AD3-46D3-A78B-349886CBD0DB}.Debug|x64.ActiveCfg = Debug|Any CPU
		{BA11EE52-1AD3-46D3-A78B-349886CBD0DB}.Debug|x64.Build.0 = Debug|Any CPU
		{BA11EE52-1AD3-46D3-A78B-349886CBD0DB}.Debug|x86.ActiveCfg = Debug|Any CPU
		{BA11EE52-1AD3-46D3-A78B-349886CBD0DB}.Debug|x86.Build.0 = Debug|Any CPU
		{BA11EE52-1AD3-46D3-A78B-349886CBD0DB}.Release|Any CPU.ActiveCfg = Release|Any CPU
		{BA11EE52-1AD3-46D3-A78B-349886CBD0DB}.Release|Any CPU.Build.0 = Release|Any CPU
		{BA11EE52-1AD3-46D3-A78B-349886CBD0DB}.Release|x64.ActiveCfg = Release|Any CPU
		{BA11EE52-1AD3-46D3-A78B-349886CBD0DB}.Release|x64.Build.0 = Release|Any CPU
		{BA11EE52-1AD3-46D3-A78B-349886CBD0DB}.Release|x86.ActiveCfg = Release|Any CPU
		{BA11EE52-1AD3-46D3-A78B-349886CBD0DB}.Release|x86.Build.0 = Release|Any CPU
	EndGlobalSection
	GlobalSection(SolutionProperties) = preSolution
		HideSolutionNode = FALSE
	EndGlobalSection
	GlobalSection(ExtensibilityGlobals) = postSolution
		SolutionGuid = {03AD2D8C-DD92-41FB-BA31-45CBD51C891A}
	EndGlobalSection
EndGlobal
